Microsoft Visual Studio Solution File, Format Version 12.00
# Visual Studio Version 17
VisualStudioVersion = 17.14.35817.74
MinimumVisualStudioVersion = 10.0.40219.1
Project("{FAE04EC0-301F-11D3-BF4B-00C04F79EFBC}") = "largeProject", "largeProject\largeProject.csproj", "{C3117E52-582A-44F9-BD33-460CEC25D588}"
EndProject
Global
	GlobalSection(SolutionConfigurationPlatforms) = preSolution
		Debug|Any CPU = Debug|Any CPU
		Release|Any CPU = Release|Any CPU
	EndGlobalSection
	GlobalSection(ProjectConfigurationPlatforms) = postSolution
		{C3117E52-582A-44F9-BD33-460CEC25D588}.Debug|Any CPU.ActiveCfg = Debug|Any CPU
		{C3117E52-582A-44F9-BD33-460CEC25D588}.Debug|Any CPU.Build.0 = Debug|Any CPU
		{C3117E52-582A-44F9-BD33-460CEC25D588}.Release|Any CPU.ActiveCfg = Release|Any CPU
		{C3117E52-582A-44F9-BD33-460CEC25D588}.Release|Any CPU.Build.0 = Release|Any CPU
	EndGlobalSection
	GlobalSection(SolutionProperties) = preSolution
		HideSolutionNode = FALSE
	EndGlobalSection
	GlobalSection(ExtensibilityGlobals) = postSolution
		SolutionGuid = {C9DBC884-15E6-4595-AD3A-C7C8292CCCE1}
	EndGlobalSection
EndGlobal
